
Microsoft Visual Studio Solution File, Format Version 12.00
# Visual Studio 2013
VisualStudioVersion = 12.0.40629.0
MinimumVisualStudioVersion = 10.0.40219.1
Project("{FAE04EC0-301F-11D3-BF4B-00C04F79EFBC}") = "HelloWorld", "HelloWorld\HelloWorld.csproj", "{203E8A90-9C9C-46B3-89F9-DA57208036FE}"
EndProject
Project("{FAE04EC0-301F-11D3-BF4B-00C04F79EFBC}") = "ConsoleApplication1", "ConsoleApplication1\ConsoleApplication1.csproj", "{3537DE42-5C89-484F-8338-3582C918E632}"
EndProject
Project("{FAE04EC0-301F-11D3-BF4B-00C04F79EFBC}") = "HelloName", "HelloName\HelloName.csproj", "{6F4D6A04-C6E5-449E-968E-6842782FBE01}"
EndProject
Project("{FAE04EC0-301F-11D3-BF4B-00C04F79EFBC}") = "Lang52aConsole", "Lang52aConsole\Lang52aConsole.csproj", "{43D1AD7B-D9E4-4E0F-A95F-82C63C3E61CB}"
EndProject
Project("{FAE04EC0-301F-11D3-BF4B-00C04F79EFBC}") = "Lang54bConsole", "Lang54bConsole\Lang54bConsole.csproj", "{0B769F5C-65FE-4F54-B415-CAFA79859236}"
EndProject
Project("{FAE04EC0-301F-11D3-BF4B-00C04F79EFBC}") = "YourNameConsole", "YourNameConsole\YourNameConsole.csproj", "{F4C940F9-92A2-4C20-B7B9-B8ADEAC33C36}"
EndProject
Project("{FAE04EC0-301F-11D3-BF4B-00C04F79EFBC}") = "FavClubConsole", "FacClubConsole\FavClubConsole.csproj", "{3119B12A-89BE-475F-8305-0D8E2E1295FF}"
EndProject
Project("{FAE04EC0-301F-11D3-BF4B-00C04F79EFBC}") = "Lang54cConsole", "Lang54cConsole\Lang54cConsole.csproj", "{B2BB33A1-4058-4EEA-AF80-52E096DA3CB3}"
EndProject
Project("{FAE04EC0-301F-11D3-BF4B-00C04F79EFBC}") = "Lang54aConsole", "Lang54a\Lang54aConsole.csproj", "{1910181F-E5A4-4964-BCAE-FA7F3E27C6C1}"
EndProject
Project("{FAE04EC0-301F-11D3-BF4B-00C04F79EFBC}") = "Lang88a", "Prog88a\Lang88a.csproj", "{BB19CB7A-4B86-41FE-939F-E9758639E62C}"
EndProject
Project("{FAE04EC0-301F-11D3-BF4B-00C04F79EFBC}") = "Lang85c", "Prog85c\Lang85c.csproj", "{A8432B73-9EC1-4B34-84ED-1D908DFFFC30}"
EndProject
Project("{FAE04EC0-301F-11D3-BF4B-00C04F79EFBC}") = "AboutMe", "AboutMeForm\AboutMe.csproj", "{8C2D96D5-CF1C-44ED-BD60-1983B2FA310E}"
EndProject
Project("{FAE04EC0-301F-11D3-BF4B-00C04F79EFBC}") = "Pg273BookClubPoints", "Pg273BookClubPoints\Pg273BookClubPoints.csproj", "{F6E64503-CE9D-47EF-85E4-962AFCA4A9F2}"
EndProject
Project("{FAE04EC0-301F-11D3-BF4B-00C04F79EFBC}") = "Lang54b", "Lang54b\Lang54b.csproj", "{666A8AC3-906A-4D44-BC0C-5AD1ECE7B31F}"
EndProject
Project("{FAE04EC0-301F-11D3-BF4B-00C04F79EFBC}") = "LP4-5", "LP4-5\LP4-5.csproj", "{8D452204-5EAB-4B7F-9968-5C10039295E0}"
EndProject
Project("{FAE04EC0-301F-11D3-BF4B-00C04F79EFBC}") = "LP4-1", "LP4-1\LP4-1.csproj", "{DA6FD0CD-4E06-4B32-8884-0780F84D67B6}"
EndProject
Project("{FAE04EC0-301F-11D3-BF4B-00C04F79EFBC}") = "Pg266LargeSmall", "Pg266LargeSmall\Pg266LargeSmall.csproj", "{15A262ED-1702-4318-B2DD-228BE3099A30}"
EndProject
Project("{FAE04EC0-301F-11D3-BF4B-00C04F79EFBC}") = "Pg273MassAndWeight", "Pg273MassAndWeight\Pg273MassAndWeight.csproj", "{5A493C6A-3A18-4292-BB13-08761867441E}"
EndProject
Project("{FAE04EC0-301F-11D3-BF4B-00C04F79EFBC}") = "Pg535CatchMe", "Pg535CatchMe\Pg535CatchMe.csproj", "{C49C7230-F5C3-48C6-B249-389556DDE7DE}"
EndProject
Project("{FAE04EC0-301F-11D3-BF4B-00C04F79EFBC}") = "LP4-2", "LP4-2\LP4-2.csproj", "{F3295F7E-E19E-442D-84F2-B48A0BAA10B3}"
EndProject
Project("{FAE04EC0-301F-11D3-BF4B-00C04F79EFBC}") = "Lang122a", "Lang122a\Lang122a.csproj", "{AC0E4F66-646A-4A02-BD71-7A4FF6EE697C}"
EndProject
Project("{FAE04EC0-301F-11D3-BF4B-00C04F79EFBC}") = "Lang122b", "Lang122b\Lang122b.csproj", "{81D2FC34-23E8-4ACC-B889-C4E0D07B9E64}"
EndProject
Project("{FAE04EC0-301F-11D3-BF4B-00C04F79EFBC}") = "Lang310a", "Lang310a\Lang310a.csproj", "{2E484F09-D3FE-47C7-B9A3-73F3B324170C}"
EndProject
Project("{FAE04EC0-301F-11D3-BF4B-00C04F79EFBC}") = "Lang122d", "Lang122d\Lang122d.csproj", "{7783F0EF-CCAF-4B93-B6DB-1C1ABBFA4DA0}"
EndProject
Project("{FAE04EC0-301F-11D3-BF4B-00C04F79EFBC}") = "Pg347Sum", "Pg347Sum\Pg347Sum.csproj", "{9B651F39-044E-4307-8D5C-42C17FD6385F}"
EndProject
Global
	GlobalSection(SolutionConfigurationPlatforms) = preSolution
		Debug|Any CPU = Debug|Any CPU
		Release|Any CPU = Release|Any CPU
	EndGlobalSection
	GlobalSection(ProjectConfigurationPlatforms) = postSolution
		{203E8A90-9C9C-46B3-89F9-DA57208036FE}.Debug|Any CPU.ActiveCfg = Debug|Any CPU
		{203E8A90-9C9C-46B3-89F9-DA57208036FE}.Debug|Any CPU.Build.0 = Debug|Any CPU
		{203E8A90-9C9C-46B3-89F9-DA57208036FE}.Release|Any CPU.ActiveCfg = Release|Any CPU
		{203E8A90-9C9C-46B3-89F9-DA57208036FE}.Release|Any CPU.Build.0 = Release|Any CPU
		{3537DE42-5C89-484F-8338-3582C918E632}.Debug|Any CPU.ActiveCfg = Debug|Any CPU
		{3537DE42-5C89-484F-8338-3582C918E632}.Debug|Any CPU.Build.0 = Debug|Any CPU
		{3537DE42-5C89-484F-8338-3582C918E632}.Release|Any CPU.ActiveCfg = Release|Any CPU
		{3537DE42-5C89-484F-8338-3582C918E632}.Release|Any CPU.Build.0 = Release|Any CPU
		{6F4D6A04-C6E5-449E-968E-6842782FBE01}.Debug|Any CPU.ActiveCfg = Debug|Any CPU
		{6F4D6A04-C6E5-449E-968E-6842782FBE01}.Debug|Any CPU.Build.0 = Debug|Any CPU
		{6F4D6A04-C6E5-449E-968E-6842782FBE01}.Release|Any CPU.ActiveCfg = Release|Any CPU
		{6F4D6A04-C6E5-449E-968E-6842782FBE01}.Release|Any CPU.Build.0 = Release|Any CPU
		{43D1AD7B-D9E4-4E0F-A95F-82C63C3E61CB}.Debug|Any CPU.ActiveCfg = Debug|Any CPU
		{43D1AD7B-D9E4-4E0F-A95F-82C63C3E61CB}.Debug|Any CPU.Build.0 = Debug|Any CPU
		{43D1AD7B-D9E4-4E0F-A95F-82C63C3E61CB}.Release|Any CPU.ActiveCfg = Release|Any CPU
		{43D1AD7B-D9E4-4E0F-A95F-82C63C3E61CB}.Release|Any CPU.Build.0 = Release|Any CPU
		{0B769F5C-65FE-4F54-B415-CAFA79859236}.Debug|Any CPU.ActiveCfg = Debug|Any CPU
		{0B769F5C-65FE-4F54-B415-CAFA79859236}.Debug|Any CPU.Build.0 = Debug|Any CPU
		{0B769F5C-65FE-4F54-B415-CAFA79859236}.Release|Any CPU.ActiveCfg = Release|Any CPU
		{0B769F5C-65FE-4F54-B415-CAFA79859236}.Release|Any CPU.Build.0 = Release|Any CPU
		{F4C940F9-92A2-4C20-B7B9-B8ADEAC33C36}.Debug|Any CPU.ActiveCfg = Debug|Any CPU
		{F4C940F9-92A2-4C20-B7B9-B8ADEAC33C36}.Debug|Any CPU.Build.0 = Debug|Any CPU
		{F4C940F9-92A2-4C20-B7B9-B8ADEAC33C36}.Release|Any CPU.ActiveCfg = Release|Any CPU
		{F4C940F9-92A2-4C20-B7B9-B8ADEAC33C36}.Release|Any CPU.Build.0 = Release|Any CPU
		{3119B12A-89BE-475F-8305-0D8E2E1295FF}.Debug|Any CPU.ActiveCfg = Debug|Any CPU
		{3119B12A-89BE-475F-8305-0D8E2E1295FF}.Debug|Any CPU.Build.0 = Debug|Any CPU
		{3119B12A-89BE-475F-8305-0D8E2E1295FF}.Release|Any CPU.ActiveCfg = Release|Any CPU
		{3119B12A-89BE-475F-8305-0D8E2E1295FF}.Release|Any CPU.Build.0 = Release|Any CPU
		{B2BB33A1-4058-4EEA-AF80-52E096DA3CB3}.Debug|Any CPU.ActiveCfg = Debug|Any CPU
		{B2BB33A1-4058-4EEA-AF80-52E096DA3CB3}.Debug|Any CPU.Build.0 = Debug|Any CPU
		{B2BB33A1-4058-4EEA-AF80-52E096DA3CB3}.Release|Any CPU.ActiveCfg = Release|Any CPU
		{B2BB33A1-4058-4EEA-AF80-52E096DA3CB3}.Release|Any CPU.Build.0 = Release|Any CPU
		{1910181F-E5A4-4964-BCAE-FA7F3E27C6C1}.Debug|Any CPU.ActiveCfg = Debug|Any CPU
		{1910181F-E5A4-4964-BCAE-FA7F3E27C6C1}.Debug|Any CPU.Build.0 = Debug|Any CPU
		{1910181F-E5A4-4964-BCAE-FA7F3E27C6C1}.Release|Any CPU.ActiveCfg = Release|Any CPU
		{1910181F-E5A4-4964-BCAE-FA7F3E27C6C1}.Release|Any CPU.Build.0 = Release|Any CPU
		{BB19CB7A-4B86-41FE-939F-E9758639E62C}.Debug|Any CPU.ActiveCfg = Debug|Any CPU
		{BB19CB7A-4B86-41FE-939F-E9758639E62C}.Debug|Any CPU.Build.0 = Debug|Any CPU
		{BB19CB7A-4B86-41FE-939F-E9758639E62C}.Release|Any CPU.ActiveCfg = Release|Any CPU
		{BB19CB7A-4B86-41FE-939F-E9758639E62C}.Release|Any CPU.Build.0 = Release|Any CPU
		{A8432B73-9EC1-4B34-84ED-1D908DFFFC30}.Debug|Any CPU.ActiveCfg = Debug|Any CPU
		{A8432B73-9EC1-4B34-84ED-1D908DFFFC30}.Debug|Any CPU.Build.0 = Debug|Any CPU
		{A8432B73-9EC1-4B34-84ED-1D908DFFFC30}.Release|Any CPU.ActiveCfg = Release|Any CPU
		{A8432B73-9EC1-4B34-84ED-1D908DFFFC30}.Release|Any CPU.Build.0 = Release|Any CPU
		{8C2D96D5-CF1C-44ED-BD60-1983B2FA310E}.Debug|Any CPU.ActiveCfg = Debug|Any CPU
		{8C2D96D5-CF1C-44ED-BD60-1983B2FA310E}.Debug|Any CPU.Build.0 = Debug|Any CPU
		{8C2D96D5-CF1C-44ED-BD60-1983B2FA310E}.Release|Any CPU.ActiveCfg = Release|Any CPU
		{8C2D96D5-CF1C-44ED-BD60-1983B2FA310E}.Release|Any CPU.Build.0 = Release|Any CPU
		{F6E64503-CE9D-47EF-85E4-962AFCA4A9F2}.Debug|Any CPU.ActiveCfg = Debug|Any CPU
		{F6E64503-CE9D-47EF-85E4-962AFCA4A9F2}.Debug|Any CPU.Build.0 = Debug|Any CPU
		{F6E64503-CE9D-47EF-85E4-962AFCA4A9F2}.Release|Any CPU.ActiveCfg = Release|Any CPU
		{F6E64503-CE9D-47EF-85E4-962AFCA4A9F2}.Release|Any CPU.Build.0 = Release|Any CPU
		{666A8AC3-906A-4D44-BC0C-5AD1ECE7B31F}.Debug|Any CPU.ActiveCfg = Debug|Any CPU
		{666A8AC3-906A-4D44-BC0C-5AD1ECE7B31F}.Debug|Any CPU.Build.0 = Debug|Any CPU
		{666A8AC3-906A-4D44-BC0C-5AD1ECE7B31F}.Release|Any CPU.ActiveCfg = Release|Any CPU
		{666A8AC3-906A-4D44-BC0C-5AD1ECE7B31F}.Release|Any CPU.Build.0 = Release|Any CPU
		{8D452204-5EAB-4B7F-9968-5C10039295E0}.Debug|Any CPU.ActiveCfg = Debug|Any CPU
		{8D452204-5EAB-4B7F-9968-5C10039295E0}.Debug|Any CPU.Build.0 = Debug|Any CPU
		{8D452204-5EAB-4B7F-9968-5C10039295E0}.Release|Any CPU.ActiveCfg = Release|Any CPU
		{8D452204-5EAB-4B7F-9968-5C10039295E0}.Release|Any CPU.Build.0 = Release|Any CPU
		{DA6FD0CD-4E06-4B32-8884-0780F84D67B6}.Debug|Any CPU.ActiveCfg = Debug|Any CPU
		{DA6FD0CD-4E06-4B32-8884-0780F84D67B6}.Debug|Any CPU.Build.0 = Debug|Any CPU
		{DA6FD0CD-4E06-4B32-8884-0780F84D67B6}.Release|Any CPU.ActiveCfg = Release|Any CPU
		{DA6FD0CD-4E06-4B32-8884-0780F84D67B6}.Release|Any CPU.Build.0 = Release|Any CPU
		{15A262ED-1702-4318-B2DD-228BE3099A30}.Debug|Any CPU.ActiveCfg = Debug|Any CPU
		{15A262ED-1702-4318-B2DD-228BE3099A30}.Debug|Any CPU.Build.0 = Debug|Any CPU
		{15A262ED-1702-4318-B2DD-228BE3099A30}.Release|Any CPU.ActiveCfg = Release|Any CPU
		{15A262ED-1702-4318-B2DD-228BE3099A30}.Release|Any CPU.Build.0 = Release|Any CPU
		{5A493C6A-3A18-4292-BB13-08761867441E}.Debug|Any CPU.ActiveCfg = Debug|Any CPU
		{5A493C6A-3A18-4292-BB13-08761867441E}.Debug|Any CPU.Build.0 = Debug|Any CPU
		{5A493C6A-3A18-4292-BB13-08761867441E}.Release|Any CPU.ActiveCfg = Release|Any CPU
		{5A493C6A-3A18-4292-BB13-08761867441E}.Release|Any CPU.Build.0 = Release|Any CPU
		{C49C7230-F5C3-48C6-B249-389556DDE7DE}.Debug|Any CPU.ActiveCfg = Debug|Any CPU
		{C49C7230-F5C3-48C6-B249-389556DDE7DE}.Debug|Any CPU.Build.0 = Debug|Any CPU
		{C49C7230-F5C3-48C6-B249-389556DDE7DE}.Release|Any CPU.ActiveCfg = Release|Any CPU
		{C49C7230-F5C3-48C6-B249-389556DDE7DE}.Release|Any CPU.Build.0 = Release|Any CPU
		{F3295F7E-E19E-442D-84F2-B48A0BAA10B3}.Debug|Any CPU.ActiveCfg = Debug|Any CPU
		{F3295F7E-E19E-442D-84F2-B48A0BAA10B3}.Debug|Any CPU.Build.0 = Debug|Any CPU
		{F3295F7E-E19E-442D-84F2-B48A0BAA10B3}.Release|Any CPU.ActiveCfg = Release|Any CPU
		{F3295F7E-E19E-442D-84F2-B48A0BAA10B3}.Release|Any CPU.Build.0 = Release|Any CPU
		{AC0E4F66-646A-4A02-BD71-7A4FF6EE697C}.Debug|Any CPU.ActiveCfg = Debug|Any CPU
		{AC0E4F66-646A-4A02-BD71-7A4FF6EE697C}.Debug|Any CPU.Build.0 = Debug|Any CPU
		{AC0E4F66-646A-4A02-BD71-7A4FF6EE697C}.Release|Any CPU.ActiveCfg = Release|Any CPU
		{AC0E4F66-646A-4A02-BD71-7A4FF6EE697C}.Release|Any CPU.Build.0 = Release|Any CPU
		{81D2FC34-23E8-4ACC-B889-C4E0D07B9E64}.Debug|Any CPU.ActiveCfg = Debug|Any CPU
		{81D2FC34-23E8-4ACC-B889-C4E0D07B9E64}.Debug|Any CPU.Build.0 = Debug|Any CPU
		{81D2FC34-23E8-4ACC-B889-C4E0D07B9E64}.Release|Any CPU.ActiveCfg = Release|Any CPU
		{81D2FC34-23E8-4ACC-B889-C4E0D07B9E64}.Release|Any CPU.Build.0 = Release|Any CPU
		{2E484F09-D3FE-47C7-B9A3-73F3B324170C}.Debug|Any CPU.ActiveCfg = Debug|Any CPU
		{2E484F09-D3FE-47C7-B9A3-73F3B324170C}.Debug|Any CPU.Build.0 = Debug|Any CPU
		{2E484F09-D3FE-47C7-B9A3-73F3B324170C}.Release|Any CPU.ActiveCfg = Release|Any CPU
		{2E484F09-D3FE-47C7-B9A3-73F3B324170C}.Release|Any CPU.Build.0 = Release|Any CPU
		{7783F0EF-CCAF-4B93-B6DB-1C1ABBFA4DA0}.Debug|Any CPU.ActiveCfg = Debug|Any CPU
		{7783F0EF-CCAF-4B93-B6DB-1C1ABBFA4DA0}.Debug|Any CPU.Build.0 = Debug|Any CPU
		{7783F0EF-CCAF-4B93-B6DB-1C1ABBFA4DA0}.Release|Any CPU.ActiveCfg = Release|Any CPU
		{7783F0EF-CCAF-4B93-B6DB-1C1ABBFA4DA0}.Release|Any CPU.Build.0 = Release|Any CPU
		{9B651F39-044E-4307-8D5C-42C17FD6385F}.Debug|Any CPU.ActiveCfg = Debug|Any CPU
		{9B651F39-044E-4307-8D5C-42C17FD6385F}.Debug|Any CPU.Build.0 = Debug|Any CPU
		{9B651F39-044E-4307-8D5C-42C17FD6385F}.Release|Any CPU.ActiveCfg = Release|Any CPU
		{9B651F39-044E-4307-8D5C-42C17FD6385F}.Release|Any CPU.Build.0 = Release|Any CPU
	EndGlobalSection
	GlobalSection(SolutionProperties) = preSolution
		HideSolutionNode = FALSE
	EndGlobalSection
EndGlobal
