
Microsoft Visual Studio Solution File, Format Version 12.00
# Visual Studio 2013
VisualStudioVersion = 12.0.40629.0
MinimumVisualStudioVersion = 10.0.40219.1
Project("{FAE04EC0-301F-11D3-BF4B-00C04F79EFBC}") = "HelloWorld", "HelloWorld\HelloWorld.csproj", "{203E8A90-9C9C-46B3-89F9-DA57208036FE}"
EndProject
Project("{FAE04EC0-301F-11D3-BF4B-00C04F79EFBC}") = "ConsoleApplication1", "ConsoleApplication1\ConsoleApplication1.csproj", "{3537DE42-5C89-484F-8338-3582C918E632}"
EndProject
Project("{FAE04EC0-301F-11D3-BF4B-00C04F79EFBC}") = "HelloName", "HelloName\HelloName.csproj", "{6F4D6A04-C6E5-449E-968E-6842782FBE01}"
EndProject
Project("{FAE04EC0-301F-11D3-BF4B-00C04F79EFBC}") = "Lang52aConsole", "Lang52aConsole\Lang52aConsole.csproj", "{43D1AD7B-D9E4-4E0F-A95F-82C63C3E61CB}"
EndProject
Project("{FAE04EC0-301F-11D3-BF4B-00C04F79EFBC}") = "Lang54bConsole", "Lang54bConsole\Lang54bConsole.csproj", "{0B769F5C-65FE-4F54-B415-CAFA79859236}"
EndProject
Project("{FAE04EC0-301F-11D3-BF4B-00C04F79EFBC}") = "YourNameConsole", "YourNameConsole\YourNameConsole.csproj", "{F4C940F9-92A2-4C20-B7B9-B8ADEAC33C36}"
EndProject
Project("{FAE04EC0-301F-11D3-BF4B-00C04F79EFBC}") = "FavClubConsole", "FacClubConsole\FavClubConsole.csproj", "{3119B12A-89BE-475F-8305-0D8E2E1295FF}"
EndProject
Project("{FAE04EC0-301F-11D3-BF4B-00C04F79EFBC}") = "Lang54cConsole", "Lang54cConsole\Lang54cConsole.csproj", "{B2BB33A1-4058-4EEA-AF80-52E096DA3CB3}"
EndProject
Project("{FAE04EC0-301F-11D3-BF4B-00C04F79EFBC}") = "Lang54a", "Lang54a\Lang54a.csproj", "{1910181F-E5A4-4964-BCAE-FA7F3E27C6C1}"
EndProject
Project("{FAE04EC0-301F-11D3-BF4B-00C04F79EFBC}") = "Prog88a", "Prog88a\Prog88a.csproj", "{BB19CB7A-4B86-41FE-939F-E9758639E62C}"
EndProject
Global
	GlobalSection(SolutionConfigurationPlatforms) = preSolution
		Debug|Any CPU = Debug|Any CPU
		Release|Any CPU = Release|Any CPU
	EndGlobalSection
	GlobalSection(ProjectConfigurationPlatforms) = postSolution
		{203E8A90-9C9C-46B3-89F9-DA57208036FE}.Debug|Any CPU.ActiveCfg = Debug|Any CPU
		{203E8A90-9C9C-46B3-89F9-DA57208036FE}.Debug|Any CPU.Build.0 = Debug|Any CPU
		{203E8A90-9C9C-46B3-89F9-DA57208036FE}.Release|Any CPU.ActiveCfg = Release|Any CPU
		{203E8A90-9C9C-46B3-89F9-DA57208036FE}.Release|Any CPU.Build.0 = Release|Any CPU
		{3537DE42-5C89-484F-8338-3582C918E632}.Debug|Any CPU.ActiveCfg = Debug|Any CPU
		{3537DE42-5C89-484F-8338-3582C918E632}.Debug|Any CPU.Build.0 = Debug|Any CPU
		{3537DE42-5C89-484F-8338-3582C918E632}.Release|Any CPU.ActiveCfg = Release|Any CPU
		{3537DE42-5C89-484F-8338-3582C918E632}.Release|Any CPU.Build.0 = Release|Any CPU
		{6F4D6A04-C6E5-449E-968E-6842782FBE01}.Debug|Any CPU.ActiveCfg = Debug|Any CPU
		{6F4D6A04-C6E5-449E-968E-6842782FBE01}.Debug|Any CPU.Build.0 = Debug|Any CPU
		{6F4D6A04-C6E5-449E-968E-6842782FBE01}.Release|Any CPU.ActiveCfg = Release|Any CPU
		{6F4D6A04-C6E5-449E-968E-6842782FBE01}.Release|Any CPU.Build.0 = Release|Any CPU
		{43D1AD7B-D9E4-4E0F-A95F-82C63C3E61CB}.Debug|Any CPU.ActiveCfg = Debug|Any CPU
		{43D1AD7B-D9E4-4E0F-A95F-82C63C3E61CB}.Debug|Any CPU.Build.0 = Debug|Any CPU
		{43D1AD7B-D9E4-4E0F-A95F-82C63C3E61CB}.Release|Any CPU.ActiveCfg = Release|Any CPU
		{43D1AD7B-D9E4-4E0F-A95F-82C63C3E61CB}.Release|Any CPU.Build.0 = Release|Any CPU
		{0B769F5C-65FE-4F54-B415-CAFA79859236}.Debug|Any CPU.ActiveCfg = Debug|Any CPU
		{0B769F5C-65FE-4F54-B415-CAFA79859236}.Debug|Any CPU.Build.0 = Debug|Any CPU
		{0B769F5C-65FE-4F54-B415-CAFA79859236}.Release|Any CPU.ActiveCfg = Release|Any CPU
		{0B769F5C-65FE-4F54-B415-CAFA79859236}.Release|Any CPU.Build.0 = Release|Any CPU
		{F4C940F9-92A2-4C20-B7B9-B8ADEAC33C36}.Debug|Any CPU.ActiveCfg = Debug|Any CPU
		{F4C940F9-92A2-4C20-B7B9-B8ADEAC33C36}.Debug|Any CPU.Build.0 = Debug|Any CPU
		{F4C940F9-92A2-4C20-B7B9-B8ADEAC33C36}.Release|Any CPU.ActiveCfg = Release|Any CPU
		{F4C940F9-92A2-4C20-B7B9-B8ADEAC33C36}.Release|Any CPU.Build.0 = Release|Any CPU
		{3119B12A-89BE-475F-8305-0D8E2E1295FF}.Debug|Any CPU.ActiveCfg = Debug|Any CPU
		{3119B12A-89BE-475F-8305-0D8E2E1295FF}.Debug|Any CPU.Build.0 = Debug|Any CPU
		{3119B12A-89BE-475F-8305-0D8E2E1295FF}.Release|Any CPU.ActiveCfg = Release|Any CPU
		{3119B12A-89BE-475F-8305-0D8E2E1295FF}.Release|Any CPU.Build.0 = Release|Any CPU
		{B2BB33A1-4058-4EEA-AF80-52E096DA3CB3}.Debug|Any CPU.ActiveCfg = Debug|Any CPU
		{B2BB33A1-4058-4EEA-AF80-52E096DA3CB3}.Debug|Any CPU.Build.0 = Debug|Any CPU
		{B2BB33A1-4058-4EEA-AF80-52E096DA3CB3}.Release|Any CPU.ActiveCfg = Release|Any CPU
		{B2BB33A1-4058-4EEA-AF80-52E096DA3CB3}.Release|Any CPU.Build.0 = Release|Any CPU
		{1910181F-E5A4-4964-BCAE-FA7F3E27C6C1}.Debug|Any CPU.ActiveCfg = Debug|Any CPU
		{1910181F-E5A4-4964-BCAE-FA7F3E27C6C1}.Debug|Any CPU.Build.0 = Debug|Any CPU
		{1910181F-E5A4-4964-BCAE-FA7F3E27C6C1}.Release|Any CPU.ActiveCfg = Release|Any CPU
		{1910181F-E5A4-4964-BCAE-FA7F3E27C6C1}.Release|Any CPU.Build.0 = Release|Any CPU
		{BB19CB7A-4B86-41FE-939F-E9758639E62C}.Debug|Any CPU.ActiveCfg = Debug|Any CPU
		{BB19CB7A-4B86-41FE-939F-E9758639E62C}.Debug|Any CPU.Build.0 = Debug|Any CPU
		{BB19CB7A-4B86-41FE-939F-E9758639E62C}.Release|Any CPU.ActiveCfg = Release|Any CPU
		{BB19CB7A-4B86-41FE-939F-E9758639E62C}.Release|Any CPU.Build.0 = Release|Any CPU
	EndGlobalSection
	GlobalSection(SolutionProperties) = preSolution
		HideSolutionNode = FALSE
	EndGlobalSection
EndGlobal
